// !$*UTF8*$!
{
	archiveVersion = 1;
	classes = {
	};
	objectVersion = 48;
	objects = {

/* Begin PBXBuildFile section */
		8FA02C34205FCA2D0050D104 /* Passenger.swift in Sources */ = {isa = PBXBuildFile; fileRef = 8FA02C33205FCA2D0050D104 /* Passenger.swift */; };
		8FDFBE26205F11A100683C61 /* AppDelegate.swift in Sources */ = {isa = PBXBuildFile; fileRef = 8FDFBE25205F11A100683C61 /* AppDelegate.swift */; };
		8FDFBE28205F11A100683C61 /* ViewController.swift in Sources */ = {isa = PBXBuildFile; fileRef = 8FDFBE27205F11A100683C61 /* ViewController.swift */; };
		8FDFBE2B205F11A100683C61 /* Main.storyboard in Resources */ = {isa = PBXBuildFile; fileRef = 8FDFBE29205F11A100683C61 /* Main.storyboard */; };
		8FDFBE2D205F11A300683C61 /* Assets.xcassets in Resources */ = {isa = PBXBuildFile; fileRef = 8FDFBE2C205F11A300683C61 /* Assets.xcassets */; };
		8FDFBE30205F11A300683C61 /* LaunchScreen.storyboard in Resources */ = {isa = PBXBuildFile; fileRef = 8FDFBE2E205F11A300683C61 /* LaunchScreen.storyboard */; };
		8FDFBE38205F11D400683C61 /* Direction.swift in Sources */ = {isa = PBXBuildFile; fileRef = 8FDFBE37205F11D400683C61 /* Direction.swift */; };
		8FDFBE3A205F11E100683C61 /* ElevatorError.swift in Sources */ = {isa = PBXBuildFile; fileRef = 8FDFBE39205F11E100683C61 /* ElevatorError.swift */; };
		8FDFBE3C205F11F000683C61 /* ElevatorState.swift in Sources */ = {isa = PBXBuildFile; fileRef = 8FDFBE3B205F11F000683C61 /* ElevatorState.swift */; };
		8FDFBE3E205F11FE00683C61 /* ElevatorDurations.swift in Sources */ = {isa = PBXBuildFile; fileRef = 8FDFBE3D205F11FE00683C61 /* ElevatorDurations.swift */; };
		8FDFBE40205F121000683C61 /* ElevatorObserver.swift in Sources */ = {isa = PBXBuildFile; fileRef = 8FDFBE3F205F121000683C61 /* ElevatorObserver.swift */; };
		8FDFBE42205F123900683C61 /* Debug.swift in Sources */ = {isa = PBXBuildFile; fileRef = 8FDFBE41205F123900683C61 /* Debug.swift */; };
		8FDFBE44205F126300683C61 /* Elevator.swift in Sources */ = {isa = PBXBuildFile; fileRef = 8FDFBE43205F126300683C61 /* Elevator.swift */; };
		8FDFBE46205F127200683C61 /* ElevatorView.swift in Sources */ = {isa = PBXBuildFile; fileRef = 8FDFBE45205F127200683C61 /* ElevatorView.swift */; };
/* End PBXBuildFile section */

/* Begin PBXFileReference section */
		8FA02C33205FCA2D0050D104 /* Passenger.swift */ = {isa = PBXFileReference; lastKnownFileType = sourcecode.swift; path = Passenger.swift; sourceTree = "<group>"; };
		8FDFBE22205F11A100683C61 /* Elevator.app */ = {isa = PBXFileReference; explicitFileType = wrapper.application; includeInIndex = 0; path = Elevator.app; sourceTree = BUILT_PRODUCTS_DIR; };
		8FDFBE25205F11A100683C61 /* AppDelegate.swift */ = {isa = PBXFileReference; lastKnownFileType = sourcecode.swift; path = AppDelegate.swift; sourceTree = "<group>"; };
		8FDFBE27205F11A100683C61 /* ViewController.swift */ = {isa = PBXFileReference; lastKnownFileType = sourcecode.swift; path = ViewController.swift; sourceTree = "<group>"; };
		8FDFBE2A205F11A100683C61 /* Base */ = {isa = PBXFileReference; lastKnownFileType = file.storyboard; name = Base; path = Base.lproj/Main.storyboard; sourceTree = "<group>"; };
		8FDFBE2C205F11A300683C61 /* Assets.xcassets */ = {isa = PBXFileReference; lastKnownFileType = folder.assetcatalog; path = Assets.xcassets; sourceTree = "<group>"; };
		8FDFBE2F205F11A300683C61 /* Base */ = {isa = PBXFileReference; lastKnownFileType = file.storyboard; name = Base; path = Base.lproj/LaunchScreen.storyboard; sourceTree = "<group>"; };
		8FDFBE31205F11A300683C61 /* Info.plist */ = {isa = PBXFileReference; lastKnownFileType = text.plist.xml; path = Info.plist; sourceTree = "<group>"; };
		8FDFBE37205F11D400683C61 /* Direction.swift */ = {isa = PBXFileReference; lastKnownFileType = sourcecode.swift; path = Direction.swift; sourceTree = "<group>"; };
		8FDFBE39205F11E100683C61 /* ElevatorError.swift */ = {isa = PBXFileReference; lastKnownFileType = sourcecode.swift; path = ElevatorError.swift; sourceTree = "<group>"; };
		8FDFBE3B205F11F000683C61 /* ElevatorState.swift */ = {isa = PBXFileReference; lastKnownFileType = sourcecode.swift; path = ElevatorState.swift; sourceTree = "<group>"; };
		8FDFBE3D205F11FE00683C61 /* ElevatorDurations.swift */ = {isa = PBXFileReference; lastKnownFileType = sourcecode.swift; path = ElevatorDurations.swift; sourceTree = "<group>"; };
		8FDFBE3F205F121000683C61 /* ElevatorObserver.swift */ = {isa = PBXFileReference; lastKnownFileType = sourcecode.swift; path = ElevatorObserver.swift; sourceTree = "<group>"; };
		8FDFBE41205F123900683C61 /* Debug.swift */ = {isa = PBXFileReference; lastKnownFileType = sourcecode.swift; path = Debug.swift; sourceTree = "<group>"; };
		8FDFBE43205F126300683C61 /* Elevator.swift */ = {isa = PBXFileReference; lastKnownFileType = sourcecode.swift; path = Elevator.swift; sourceTree = "<group>"; };
		8FDFBE45205F127200683C61 /* ElevatorView.swift */ = {isa = PBXFileReference; lastKnownFileType = sourcecode.swift; path = ElevatorView.swift; sourceTree = "<group>"; };
/* End PBXFileReference section */

/* Begin PBXFrameworksBuildPhase section */
		8FDFBE1F205F11A000683C61 /* Frameworks */ = {
			isa = PBXFrameworksBuildPhase;
			buildActionMask = 2147483647;
			files = (
			);
			runOnlyForDeploymentPostprocessing = 0;
		};
/* End PBXFrameworksBuildPhase section */

/* Begin PBXGroup section */
		8FDFBE19205F11A000683C61 = {
			isa = PBXGroup;
			children = (
				8FDFBE24205F11A100683C61 /* Elevator */,
				8FDFBE23205F11A100683C61 /* Products */,
			);
			sourceTree = "<group>";
		};
		8FDFBE23205F11A100683C61 /* Products */ = {
			isa = PBXGroup;
			children = (
				8FDFBE22205F11A100683C61 /* Elevator.app */,
			);
			name = Products;
			sourceTree = "<group>";
		};
		8FDFBE24205F11A100683C61 /* Elevator */ = {
			isa = PBXGroup;
			children = (
				8FDFBE25205F11A100683C61 /* AppDelegate.swift */,
				8FDFBE27205F11A100683C61 /* ViewController.swift */,
				8FDFBE37205F11D400683C61 /* Direction.swift */,
				8FDFBE39205F11E100683C61 /* ElevatorError.swift */,
				8FDFBE3B205F11F000683C61 /* ElevatorState.swift */,
				8FDFBE3D205F11FE00683C61 /* ElevatorDurations.swift */,
				8FDFBE3F205F121000683C61 /* ElevatorObserver.swift */,
				8FDFBE41205F123900683C61 /* Debug.swift */,
				8FDFBE43205F126300683C61 /* Elevator.swift */,
				8FA02C33205FCA2D0050D104 /* Passenger.swift */,
				8FDFBE45205F127200683C61 /* ElevatorView.swift */,
				8FDFBE29205F11A100683C61 /* Main.storyboard */,
				8FDFBE2C205F11A300683C61 /* Assets.xcassets */,
				8FDFBE2E205F11A300683C61 /* LaunchScreen.storyboard */,
				8FDFBE31205F11A300683C61 /* Info.plist */,
			);
			path = Elevator;
			sourceTree = "<group>";
		};
/* End PBXGroup section */

/* Begin PBXNativeTarget section */
		8FDFBE21205F11A000683C61 /* Elevator */ = {
			isa = PBXNativeTarget;
			buildConfigurationList = 8FDFBE34205F11A300683C61 /* Build configuration list for PBXNativeTarget "Elevator" */;
			buildPhases = (
				8FDFBE1E205F11A000683C61 /* Sources */,
				8FDFBE1F205F11A000683C61 /* Frameworks */,
				8FDFBE20205F11A000683C61 /* Resources */,
			);
			buildRules = (
			);
			dependencies = (
			);
			name = Elevator;
			productName = Elevator;
			productReference = 8FDFBE22205F11A100683C61 /* Elevator.app */;
			productType = "com.apple.product-type.application";
		};
/* End PBXNativeTarget section */

/* Begin PBXProject section */
		8FDFBE1A205F11A000683C61 /* Project object */ = {
			isa = PBXProject;
			attributes = {
				LastSwiftUpdateCheck = 0930;
				LastUpgradeCheck = 0930;
				ORGANIZATIONNAME = "Pierre Grabolosa";
				TargetAttributes = {
					8FDFBE21205F11A000683C61 = {
						CreatedOnToolsVersion = 9.3;
						ProvisioningStyle = Automatic;
					};
				};
			};
			buildConfigurationList = 8FDFBE1D205F11A000683C61 /* Build configuration list for PBXProject "Elevator" */;
			compatibilityVersion = "Xcode 8.0";
			developmentRegion = en;
			hasScannedForEncodings = 0;
			knownRegions = (
				en,
				Base,
			);
			mainGroup = 8FDFBE19205F11A000683C61;
			productRefGroup = 8FDFBE23205F11A100683C61 /* Products */;
			projectDirPath = "";
			projectRoot = "";
			targets = (
				8FDFBE21205F11A000683C61 /* Elevator */,
			);
		};
/* End PBXProject section */

/* Begin PBXResourcesBuildPhase section */
		8FDFBE20205F11A000683C61 /* Resources */ = {
			isa = PBXResourcesBuildPhase;
			buildActionMask = 2147483647;
			files = (
				8FDFBE30205F11A300683C61 /* LaunchScreen.storyboard in Resources */,
				8FDFBE2D205F11A300683C61 /* Assets.xcassets in Resources */,
				8FDFBE2B205F11A100683C61 /* Main.storyboard in Resources */,
			);
			runOnlyForDeploymentPostprocessing = 0;
		};
/* End PBXResourcesBuildPhase section */

/* Begin PBXSourcesBuildPhase section */
		8FDFBE1E205F11A000683C61 /* Sources */ = {
			isa = PBXSourcesBuildPhase;
			buildActionMask = 2147483647;
			files = (
				8FDFBE3C205F11F000683C61 /* ElevatorState.swift in Sources */,
				8FDFBE3E205F11FE00683C61 /* ElevatorDurations.swift in Sources */,
				8FDFBE40205F121000683C61 /* ElevatorObserver.swift in Sources */,
				8FDFBE28205F11A100683C61 /* ViewController.swift in Sources */,
				8FA02C34205FCA2D0050D104 /* Passenger.swift in Sources */,
				8FDFBE46205F127200683C61 /* ElevatorView.swift in Sources */,
				8FDFBE26205F11A100683C61 /* AppDelegate.swift in Sources */,
				8FDFBE42205F123900683C61 /* Debug.swift in Sources */,
				8FDFBE3A205F11E100683C61 /* ElevatorError.swift in Sources */,
				8FDFBE38205F11D400683C61 /* Direction.swift in Sources */,
				8FDFBE44205F126300683C61 /* Elevator.swift in Sources */,
			);
			runOnlyForDeploymentPostprocessing = 0;
		};
/* End PBXSourcesBuildPhase section */

/* Begin PBXVariantGroup section */
		8FDFBE29205F11A100683C61 /* Main.storyboard */ = {
			isa = PBXVariantGroup;
			children = (
				8FDFBE2A205F11A100683C61 /* Base */,
			);
			name = Main.storyboard;
			sourceTree = "<group>";
		};
		8FDFBE2E205F11A300683C61 /* LaunchScreen.storyboard */ = {
			isa = PBXVariantGroup;
			children = (
				8FDFBE2F205F11A300683C61 /* Base */,
			);
			name = LaunchScreen.storyboard;
			sourceTree = "<group>";
		};
/* End PBXVariantGroup section */

/* Begin XCBuildConfiguration section */
		8FDFBE32205F11A300683C61 /* Debug */ = {
			isa = XCBuildConfiguration;
			buildSettings = {
				ALWAYS_SEARCH_USER_PATHS = NO;
				CLANG_ANALYZER_NONNULL = YES;
				CLANG_ANALYZER_NUMBER_OBJECT_CONVERSION = YES_AGGRESSIVE;
				CLANG_CXX_LANGUAGE_STANDARD = "gnu++14";
				CLANG_CXX_LIBRARY = "libc++";
				CLANG_ENABLE_MODULES = YES;
				CLANG_ENABLE_OBJC_ARC = YES;
				CLANG_ENABLE_OBJC_WEAK = YES;
				CLANG_WARN_BLOCK_CAPTURE_AUTORELEASING = YES;
				CLANG_WARN_BOOL_CONVERSION = YES;
				CLANG_WARN_COMMA = YES;
				CLANG_WARN_CONSTANT_CONVERSION = YES;
				CLANG_WARN_DEPRECATED_OBJC_IMPLEMENTATIONS = YES;
				CLANG_WARN_DIRECT_OBJC_ISA_USAGE = YES_ERROR;
				CLANG_WARN_DOCUMENTATION_COMMENTS = YES;
				CLANG_WARN_EMPTY_BODY = YES;
				CLANG_WARN_ENUM_CONVERSION = YES;
				CLANG_WARN_INFINITE_RECURSION = YES;
				CLANG_WARN_INT_CONVERSION = YES;
				CLANG_WARN_NON_LITERAL_NULL_CONVERSION = YES;
				CLANG_WARN_OBJC_IMPLICIT_RETAIN_SELF = YES;
				CLANG_WARN_OBJC_LITERAL_CONVERSION = YES;
				CLANG_WARN_OBJC_ROOT_CLASS = YES_ERROR;
				CLANG_WARN_RANGE_LOOP_ANALYSIS = YES;
				CLANG_WARN_STRICT_PROTOTYPES = YES;
				CLANG_WARN_SUSPICIOUS_MOVE = YES;
				CLANG_WARN_UNGUARDED_AVAILABILITY = YES_AGGRESSIVE;
				CLANG_WARN_UNREACHABLE_CODE = YES;
				CLANG_WARN__DUPLICATE_METHOD_MATCH = YES;
				CODE_SIGN_IDENTITY = "iPhone Developer";
				COPY_PHASE_STRIP = NO;
				DEBUG_INFORMATION_FORMAT = dwarf;
				ENABLE_STRICT_OBJC_MSGSEND = YES;
				ENABLE_TESTABILITY = YES;
				GCC_C_LANGUAGE_STANDARD = gnu11;
				GCC_DYNAMIC_NO_PIC = NO;
				GCC_NO_COMMON_BLOCKS = YES;
				GCC_OPTIMIZATION_LEVEL = 0;
				GCC_PREPROCESSOR_DEFINITIONS = (
					"DEBUG=1",
					"$(inherited)",
				);
				GCC_WARN_64_TO_32_BIT_CONVERSION = YES;
				GCC_WARN_ABOUT_RETURN_TYPE = YES_ERROR;
				GCC_WARN_UNDECLARED_SELECTOR = YES;
				GCC_WARN_UNINITIALIZED_AUTOS = YES_AGGRESSIVE;
				GCC_WARN_UNUSED_FUNCTION = YES;
				GCC_WARN_UNUSED_VARIABLE = YES;
				IPHONEOS_DEPLOYMENT_TARGET = 10.2;
				MTL_ENABLE_DEBUG_INFO = YES;
				ONLY_ACTIVE_ARCH = YES;
				SDKROOT = iphoneos;
				SWIFT_ACTIVE_COMPILATION_CONDITIONS = DEBUG;
				SWIFT_OPTIMIZATION_LEVEL = "-Onone";
			};
			name = Debug;
		};
		8FDFBE33205F11A300683C61 /* Release */ = {
			isa = XCBuildConfiguration;
			buildSettings = {
				ALWAYS_SEARCH_USER_PATHS = NO;
				CLANG_ANALYZER_NONNULL = YES;
				CLANG_ANALYZER_NUMBER_OBJECT_CONVERSION = YES_AGGRESSIVE;
				CLANG_CXX_LANGUAGE_STANDARD = "gnu++14";
				CLANG_CXX_LIBRARY = "libc++";
				CLANG_ENABLE_MODULES = YES;
				CLANG_ENABLE_OBJC_ARC = YES;
				CLANG_ENABLE_OBJC_WEAK = YES;
				CLANG_WARN_BLOCK_CAPTURE_AUTORELEASING = YES;
				CLANG_WARN_BOOL_CONVERSION = YES;
				CLANG_WARN_COMMA = YES;
				CLANG_WARN_CONSTANT_CONVERSION = YES;
				CLANG_WARN_DEPRECATED_OBJC_IMPLEMENTATIONS = YES;
				CLANG_WARN_DIRECT_OBJC_ISA_USAGE = YES_ERROR;
				CLANG_WARN_DOCUMENTATION_COMMENTS = YES;
				CLANG_WARN_EMPTY_BODY = YES;
				CLANG_WARN_ENUM_CONVERSION = YES;
				CLANG_WARN_INFINITE_RECURSION = YES;
				CLANG_WARN_INT_CONVERSION = YES;
				CLANG_WARN_NON_LITERAL_NULL_CONVERSION = YES;
				CLANG_WARN_OBJC_IMPLICIT_RETAIN_SELF = YES;
				CLANG_WARN_OBJC_LITERAL_CONVERSION = YES;
				CLANG_WARN_OBJC_ROOT_CLASS = YES_ERROR;
				CLANG_WARN_RANGE_LOOP_ANALYSIS = YES;
				CLANG_WARN_STRICT_PROTOTYPES = YES;
				CLANG_WARN_SUSPICIOUS_MOVE = YES;
				CLANG_WARN_UNGUARDED_AVAILABILITY = YES_AGGRESSIVE;
				CLANG_WARN_UNREACHABLE_CODE = YES;
				CLANG_WARN__DUPLICATE_METHOD_MATCH = YES;
				CODE_SIGN_IDENTITY = "iPhone Developer";
				COPY_PHASE_STRIP = NO;
				DEBUG_INFORMATION_FORMAT = "dwarf-with-dsym";
				ENABLE_NS_ASSERTIONS = NO;
				ENABLE_STRICT_OBJC_MSGSEND = YES;
				GCC_C_LANGUAGE_STANDARD = gnu11;
				GCC_NO_COMMON_BLOCKS = YES;
				GCC_WARN_64_TO_32_BIT_CONVERSION = YES;
				GCC_WARN_ABOUT_RETURN_TYPE = YES_ERROR;
				GCC_WARN_UNDECLARED_SELECTOR = YES;
				GCC_WARN_UNINITIALIZED_AUTOS = YES_AGGRESSIVE;
				GCC_WARN_UNUSED_FUNCTION = YES;
				GCC_WARN_UNUSED_VARIABLE = YES;
				IPHONEOS_DEPLOYMENT_TARGET = 10.2;
				MTL_ENABLE_DEBUG_INFO = NO;
				SDKROOT = iphoneos;
				SWIFT_OPTIMIZATION_LEVEL = "-Owholemodule";
				VALIDATE_PRODUCT = YES;
			};
			name = Release;
		};
		8FDFBE35205F11A300683C61 /* Debug */ = {
			isa = XCBuildConfiguration;
			buildSettings = {
				ASSETCATALOG_COMPILER_APPICON_NAME = AppIcon;
				CODE_SIGN_STYLE = Automatic;
				INFOPLIST_FILE = Elevator/Info.plist;
				LD_RUNPATH_SEARCH_PATHS = "$(inherited) @executable_path/Frameworks";
				PRODUCT_BUNDLE_IDENTIFIER = fr.grabolosa.Elevator;
				PRODUCT_NAME = "$(TARGET_NAME)";
				SWIFT_VERSION = 4.0;
				TARGETED_DEVICE_FAMILY = "1,2";
			};
			name = Debug;
		};
		8FDFBE36205F11A300683C61 /* Release */ = {
			isa = XCBuildConfiguration;
			buildSettings = {
				ASSETCATALOG_COMPILER_APPICON_NAME = AppIcon;
				CODE_SIGN_STYLE = Automatic;
				INFOPLIST_FILE = Elevator/Info.plist;
				LD_RUNPATH_SEARCH_PATHS = "$(inherited) @executable_path/Frameworks";
				PRODUCT_BUNDLE_IDENTIFIER = fr.grabolosa.Elevator;
				PRODUCT_NAME = "$(TARGET_NAME)";
				SWIFT_VERSION = 4.0;
				TARGETED_DEVICE_FAMILY = "1,2";
			};
			name = Release;
		};
/* End XCBuildConfiguration section */

/* Begin XCConfigurationList section */
		8FDFBE1D205F11A000683C61 /* Build configuration list for PBXProject "Elevator" */ = {
			isa = XCConfigurationList;
			buildConfigurations = (
				8FDFBE32205F11A300683C61 /* Debug */,
				8FDFBE33205F11A300683C61 /* Release */,
			);
			defaultConfigurationIsVisible = 0;
			defaultConfigurationName = Release;
		};
		8FDFBE34205F11A300683C61 /* Build configuration list for PBXNativeTarget "Elevator" */ = {
			isa = XCConfigurationList;
			buildConfigurations = (
				8FDFBE35205F11A300683C61 /* Debug */,
				8FDFBE36205F11A300683C61 /* Release */,
			);
			defaultConfigurationIsVisible = 0;
			defaultConfigurationName = Release;
		};
/* End XCConfigurationList section */
	};
	rootObject = 8FDFBE1A205F11A000683C61 /* Project object */;
}
